schema: '2.0'
stages:
  data_ingestion:
    cmd: python src/RenalDiseaseClassification/pipeline/stage_01_data_ingestion.py
    deps:
    - path: config/config.yaml
      hash: md5
      md5: 48b7045d21d7f4c84a0b45524b0338fd
      size: 582
    - path: src/RenalDiseaseClassification/pipeline/stage_01_data_ingestion.py
      hash: md5
      md5: bc782f21312f79a8437e23b6846dc50c
      size: 947
    outs:
    - path: artifacts/data_ingestion/dummy-kidney-data
      hash: md5
      md5: 33ed59dbe5dec8ce2bb8e489b55203e4.dir
      size: 58936381
      nfiles: 465
  prepare_base_model:
    cmd: python src/RenalDiseaseClassification/pipeline/stage_02_prepare_base_model.py
    deps:
    - path: config/config.yaml
      hash: md5
      md5: 48b7045d21d7f4c84a0b45524b0338fd
      size: 582
    - path: src/RenalDiseaseClassification/pipeline/stage_02_prepare_base_model.py
      hash: md5
      md5: 67be8ba409a4e13a523778ab5c2e512a
      size: 1038
    params:
      params.yaml:
        CLASSES: 2
        IMAGE_SIZE:
        - 224
        - 224
        - 3
        INCLUDE_TOP: false
        LEARNING_RATE: 0.01
        WEIGHTS: imagenet
    outs:
    - path: artifacts/prepare_base_model
      hash: md5
      md5: 210a5f0c6f5ed3626a0f504298c7b37c.dir
      size: 118054560
      nfiles: 2
  training:
    cmd: python src/RenalDiseaseClassification/pipeline/stage_03_model_training.py
    deps:
    - path: artifacts/data_ingestion/dummy-kidney-data
      hash: md5
      md5: 33ed59dbe5dec8ce2bb8e489b55203e4.dir
      size: 58936381
      nfiles: 465
    - path: artifacts/prepare_base_model
      hash: md5
      md5: 210a5f0c6f5ed3626a0f504298c7b37c.dir
      size: 118054560
      nfiles: 2
    - path: config/config.yaml
      hash: md5
      md5: 48b7045d21d7f4c84a0b45524b0338fd
      size: 582
    - path: src/RenalDiseaseClassification/pipeline/stage_03_model_training.py
      hash: md5
      md5: 0de239e92952170bfeae7f764ec076d1
      size: 956
    params:
      params.yaml:
        AUGMENTATION: true
        BATCH_SIZE: 16
        EPOCHS: 2
        IMAGE_SIZE:
        - 224
        - 224
        - 3
    outs:
    - path: artifacts/training/model.h5
      hash: md5
      md5: f45c7e7651d5be45952833ede39e6d41
      size: 59337520
  evaluation:
    cmd: python src/RenalDiseaseClassification/pipeline/stage_04_model_evaluation.py
    deps:
    - path: artifacts/data_ingestion/dummy-kidney-data
      hash: md5
      md5: 33ed59dbe5dec8ce2bb8e489b55203e4.dir
      size: 58936381
      nfiles: 465
    - path: artifacts/training/model.h5
      hash: md5
      md5: f45c7e7651d5be45952833ede39e6d41
      size: 59337520
    - path: config/config.yaml
      hash: md5
      md5: 48b7045d21d7f4c84a0b45524b0338fd
      size: 582
    - path: src/RenalDiseaseClassification/pipeline/stage_04_model_evaluation.py
      hash: md5
      md5: 66417a747f5d369889e5c57c1104c64b
      size: 1005
    params:
      params.yaml:
        BATCH_SIZE: 16
        IMAGE_SIZE:
        - 224
        - 224
        - 3
    outs:
    - path: scores.json
      hash: md5
      md5: 73bd6d2153507f10c7e458b3c02449c0
      size: 73
